
Microsoft Visual Studio Solution File, Format Version 12.00
# Visual Studio Version 17
VisualStudioVersion = 17.14.36414.22 d17.14
MinimumVisualStudioVersion = 10.0.40219.1
Project("{FAE04EC0-301F-11D3-BF4B-00C04F79EFBC}") = "cloudpart2", "cloudpart2\cloudpart2.csproj", "{FBB51D0D-BF48-4B02-B334-D99AFD113AC4}"
EndProject
Global
	GlobalSection(SolutionConfigurationPlatforms) = preSolution
		Debug|Any CPU = Debug|Any CPU
		Release|Any CPU = Release|Any CPU
	EndGlobalSection
	GlobalSection(ProjectConfigurationPlatforms) = postSolution
		{FBB51D0D-BF48-4B02-B334-D99AFD113AC4}.Debug|Any CPU.ActiveCfg = Debug|Any CPU
		{FBB51D0D-BF48-4B02-B334-D99AFD113AC4}.Debug|Any CPU.Build.0 = Debug|Any CPU
		{FBB51D0D-BF48-4B02-B334-D99AFD113AC4}.Release|Any CPU.ActiveCfg = Release|Any CPU
		{FBB51D0D-BF48-4B02-B334-D99AFD113AC4}.Release|Any CPU.Build.0 = Release|Any CPU
	EndGlobalSection
	GlobalSection(SolutionProperties) = preSolution
		HideSolutionNode = FALSE
	EndGlobalSection
	GlobalSection(ExtensibilityGlobals) = postSolution
		SolutionGuid = {42DA0B75-880F-4F3D-B179-E63C58C6A894}
	EndGlobalSection
EndGlobal
